
Microsoft Visual Studio Solution File, Format Version 12.00
# Visual Studio Version 17
VisualStudioVersion = 17.5.33516.290
MinimumVisualStudioVersion = 10.0.40219.1
Project("{FAE04EC0-301F-11D3-BF4B-00C04F79EFBC}") = "SistemaAlmacen", "SistemaAlmacen\SistemaAlmacen.csproj", "{1A0480AB-227C-43BF-A27F-9A7D71CA931C}"
EndProject
Global
	GlobalSection(SolutionConfigurationPlatforms) = preSolution
		Debug|Any CPU = Debug|Any CPU
		Release|Any CPU = Release|Any CPU
	EndGlobalSection
	GlobalSection(ProjectConfigurationPlatforms) = postSolution
		{1A0480AB-227C-43BF-A27F-9A7D71CA931C}.Debug|Any CPU.ActiveCfg = Debug|Any CPU
		{1A0480AB-227C-43BF-A27F-9A7D71CA931C}.Debug|Any CPU.Build.0 = Debug|Any CPU
		{1A0480AB-227C-43BF-A27F-9A7D71CA931C}.Release|Any CPU.ActiveCfg = Release|Any CPU
		{1A0480AB-227C-43BF-A27F-9A7D71CA931C}.Release|Any CPU.Build.0 = Release|Any CPU
	EndGlobalSection
	GlobalSection(SolutionProperties) = preSolution
		HideSolutionNode = FALSE
	EndGlobalSection
	GlobalSection(ExtensibilityGlobals) = postSolution
		SolutionGuid = {1E4C5EE6-932A-436A-81C0-C7363DD9988C}
	EndGlobalSection
EndGlobal
